{
  "name": "RapidQuest",
  "lockfileVersion": 2,
  "requires": true,
  "packages": {
    "": {
      "dependencies": {
        "bootstrap": "^5.0.0-beta2",
        "jquery": "^3.3.1",
        "popper.js": "^1.12.9"
      }
    },
    "node_modules/@popperjs/core": {
      "version": "2.9.1",
      "resolved": "https://registry.npmjs.org/@popperjs/core/-/core-2.9.1.tgz",
      "integrity": "sha512-DvJbbn3dUgMxDnJLH+RZQPnXak1h4ZVYQ7CWiFWjQwBFkVajT4rfw2PdpHLTSTwxrYfnoEXkuBiwkDm6tPMQeA==",
      "peer": true,
      "funding": {
        "type": "opencollective",
        "url": "https://opencollective.com/popperjs"
      }
    },
    "node_modules/bootstrap": {
      "version": "5.0.0-beta2",
      "resolved": "https://registry.npmjs.org/bootstrap/-/bootstrap-5.0.0-beta2.tgz",
      "integrity": "sha512-e+uPbPHqTQWKyCX435uVlOmgH9tUt0xtjvyOC7knhKgOS643BrQKuTo+KecGpPV7qlmOyZgCfaM4xxPWtDEN/g==",
      "funding": {
        "type": "opencollective",
        "url": "https://opencollective.com/bootstrap"
      },
      "peerDependencies": {
        "@popperjs/core": "^2.6.0"
      }
    },
    "node_modules/jquery": {
      "version": "3.3.1",
      "resolved": "https://registry.npmjs.org/jquery/-/jquery-3.3.1.tgz",
      "integrity": "sha512-Ubldcmxp5np52/ENotGxlLe6aGMvmF4R8S6tZjsP6Knsaxd/xp3Zrh50cG93lR6nPXyUFwzN3ZSOQI0wRJNdGg=="
    },
    "node_modules/popper.js": {
      "version": "1.12.9",
      "resolved": "https://registry.npmjs.org/popper.js/-/popper.js-1.12.9.tgz",
      "integrity": "sha1-DfvC3/lsRRuzMu3Pz6r1ZtMx1bM=",
      "deprecated": "You can find the new Popper v2 at @popperjs/core, this package is dedicated to the legacy v1"
    }
  },
  "dependencies": {
    "@popperjs/core": {
      "version": "2.9.1",
      "resolved": "https://registry.npmjs.org/@popperjs/core/-/core-2.9.1.tgz",
      "integrity": "sha512-DvJbbn3dUgMxDnJLH+RZQPnXak1h4ZVYQ7CWiFWjQwBFkVajT4rfw2PdpHLTSTwxrYfnoEXkuBiwkDm6tPMQeA==",
      "peer": true
    },
    "bootstrap": {
      "version": "5.0.0-beta2",
      "resolved": "https://registry.npmjs.org/bootstrap/-/bootstrap-5.0.0-beta2.tgz",
      "integrity": "sha512-e+uPbPHqTQWKyCX435uVlOmgH9tUt0xtjvyOC7knhKgOS643BrQKuTo+KecGpPV7qlmOyZgCfaM4xxPWtDEN/g==",
      "requires": {}
    },
    "jquery": {
      "version": "3.3.1",
      "resolved": "https://registry.npmjs.org/jquery/-/jquery-3.3.1.tgz",
      "integrity": "sha512-Ubldcmxp5np52/ENotGxlLe6aGMvmF4R8S6tZjsP6Knsaxd/xp3Zrh50cG93lR6nPXyUFwzN3ZSOQI0wRJNdGg=="
    },
    "popper.js": {
      "version": "1.12.9",
      "resolved": "https://registry.npmjs.org/popper.js/-/popper.js-1.12.9.tgz",
      "integrity": "sha1-DfvC3/lsRRuzMu3Pz6r1ZtMx1bM="
    }
  }
}
